
Microsoft Visual Studio Solution File, Format Version 12.00
# Visual Studio Version 16
VisualStudioVersion = 16.0.31105.61
MinimumVisualStudioVersion = 10.0.40219.1
Project("{FAE04EC0-301F-11D3-BF4B-00C04F79EFBC}") = "F1-CurrentStandings", "F1-CurrentStandings\F1-CurrentStandings.csproj", "{81AC5D0F-9E57-49F1-BEF2-51BB07EBD256}"
EndProject
Global
	GlobalSection(SolutionConfigurationPlatforms) = preSolution
		Debug|Any CPU = Debug|Any CPU
		Release|Any CPU = Release|Any CPU
	EndGlobalSection
	GlobalSection(ProjectConfigurationPlatforms) = postSolution
		{81AC5D0F-9E57-49F1-BEF2-51BB07EBD256}.Debug|Any CPU.ActiveCfg = Debug|Any CPU
		{81AC5D0F-9E57-49F1-BEF2-51BB07EBD256}.Debug|Any CPU.Build.0 = Debug|Any CPU
		{81AC5D0F-9E57-49F1-BEF2-51BB07EBD256}.Release|Any CPU.ActiveCfg = Release|Any CPU
		{81AC5D0F-9E57-49F1-BEF2-51BB07EBD256}.Release|Any CPU.Build.0 = Release|Any CPU
	EndGlobalSection
	GlobalSection(SolutionProperties) = preSolution
		HideSolutionNode = FALSE
	EndGlobalSection
	GlobalSection(ExtensibilityGlobals) = postSolution
		SolutionGuid = {100A808B-F048-4EAD-93B0-C8B8BCA1999D}
	EndGlobalSection
EndGlobal
